{
  "name": "pifiles",
  "version": "0.1.0",
  "lockfileVersion": 3,
  "requires": true,
  "packages": {
    "": {
      "name": "pifiles",
      "version": "0.1.0",
      "dependencies": {
        "@earendil-works/pi-coding-agent": "0.74.0"
      }
    },
    "node_modules/@earendil-works/pi-coding-agent": {
      "version": "0.74.0",
      "resolved": "https://registry.npmjs.org/@earendil-works/pi-coding-agent/-/pi-coding-agent-0.74.0.tgz"
    }
  }
}
